
Microsoft Visual Studio Solution File, Format Version 12.00
# Visual Studio Version 16
VisualStudioVersion = 16.0.32929.386
MinimumVisualStudioVersion = 10.0.40219.1
Project("{FAE04EC0-301F-11D3-BF4B-00C04F79EFBC}") = "API", "API\API.csproj", "{90096861-1030-4879-919C-684EC91A0A1E}"
EndProject
Global
	GlobalSection(SolutionConfigurationPlatforms) = preSolution
		Debug|Any CPU = Debug|Any CPU
		Release|Any CPU = Release|Any CPU
	EndGlobalSection
	GlobalSection(ProjectConfigurationPlatforms) = postSolution
		{90096861-1030-4879-919C-684EC91A0A1E}.Debug|Any CPU.ActiveCfg = Debug|Any CPU
		{90096861-1030-4879-919C-684EC91A0A1E}.Debug|Any CPU.Build.0 = Debug|Any CPU
		{90096861-1030-4879-919C-684EC91A0A1E}.Release|Any CPU.ActiveCfg = Release|Any CPU
		{90096861-1030-4879-919C-684EC91A0A1E}.Release|Any CPU.Build.0 = Release|Any CPU
	EndGlobalSection
	GlobalSection(SolutionProperties) = preSolution
		HideSolutionNode = FALSE
	EndGlobalSection
	GlobalSection(ExtensibilityGlobals) = postSolution
		SolutionGuid = {F375C254-987C-40A4-982E-95AC4C6E65A3}
	EndGlobalSection
EndGlobal
